// !$*UTF8*$!
{
	archiveVersion = 1;
	classes = {
	};
	objectVersion = 56;
	objects = {

/* Begin PBXBuildFile section */
		F68AA40429633B63006EF80E /* teloApp.swift in Sources */ = {isa = PBXBuildFile; fileRef = F68AA40329633B63006EF80E /* teloApp.swift */; };
		F68AA40629633B63006EF80E /* ContentView.swift in Sources */ = {isa = PBXBuildFile; fileRef = F68AA40529633B63006EF80E /* ContentView.swift */; };
		F68AA40829633B64006EF80E /* Assets.xcassets in Resources */ = {isa = PBXBuildFile; fileRef = F68AA40729633B64006EF80E /* Assets.xcassets */; };
		F68AA40C29633B64006EF80E /* Preview Assets.xcassets in Resources */ = {isa = PBXBuildFile; fileRef = F68AA40B29633B64006EF80E /* Preview Assets.xcassets */; };
		F68AA41629633B65006EF80E /* teloTests.swift in Sources */ = {isa = PBXBuildFile; fileRef = F68AA41529633B65006EF80E /* teloTests.swift */; };
		F68AA42029633B65006EF80E /* teloUITests.swift in Sources */ = {isa = PBXBuildFile; fileRef = F68AA41F29633B65006EF80E /* teloUITests.swift */; };
		F68AA42229633B65006EF80E /* teloUITestsLaunchTests.swift in Sources */ = {isa = PBXBuildFile; fileRef = F68AA42129633B65006EF80E /* teloUITestsLaunchTests.swift */; };
/* End PBXBuildFile section */

/* Begin PBXContainerItemProxy section */
		F68AA41229633B65006EF80E /* PBXContainerItemProxy */ = {
			isa = PBXContainerItemProxy;
			containerPortal = F68AA3F829633B63006EF80E /* Project object */;
			proxyType = 1;
			remoteGlobalIDString = F68AA3FF29633B63006EF80E;
			remoteInfo = telo;
		};
		F68AA41C29633B65006EF80E /* PBXContainerItemProxy */ = {
			isa = PBXContainerItemProxy;
			containerPortal = F68AA3F829633B63006EF80E /* Project object */;
			proxyType = 1;
			remoteGlobalIDString = F68AA3FF29633B63006EF80E;
			remoteInfo = telo;
		};
/* End PBXContainerItemProxy section */

/* Begin PBXFileReference section */
		F68AA40029633B63006EF80E /* telo.app */ = {isa = PBXFileReference; explicitFileType = wrapper.application; includeInIndex = 0; path = telo.app; sourceTree = BUILT_PRODUCTS_DIR; };
		F68AA40329633B63006EF80E /* teloApp.swift */ = {isa = PBXFileReference; lastKnownFileType = sourcecode.swift; path = teloApp.swift; sourceTree = "<group>"; };
		F68AA40529633B63006EF80E /* ContentView.swift */ = {isa = PBXFileReference; lastKnownFileType = sourcecode.swift; path = ContentView.swift; sourceTree = "<group>"; };
		F68AA40729633B64006EF80E /* Assets.xcassets */ = {isa = PBXFileReference; lastKnownFileType = folder.assetcatalog; path = Assets.xcassets; sourceTree = "<group>"; };
		F68AA40929633B64006EF80E /* telo.entitlements */ = {isa = PBXFileReference; lastKnownFileType = text.plist.entitlements; path = telo.entitlements; sourceTree = "<group>"; };
		F68AA40B29633B64006EF80E /* Preview Assets.xcassets */ = {isa = PBXFileReference; lastKnownFileType = folder.assetcatalog; path = "Preview Assets.xcassets"; sourceTree = "<group>"; };
		F68AA41129633B65006EF80E /* teloTests.xctest */ = {isa = PBXFileReference; explicitFileType = wrapper.cfbundle; includeInIndex = 0; path = teloTests.xctest; sourceTree = BUILT_PRODUCTS_DIR; };
		F68AA41529633B65006EF80E /* teloTests.swift */ = {isa = PBXFileReference; lastKnownFileType = sourcecode.swift; path = teloTests.swift; sourceTree = "<group>"; };
		F68AA41B29633B65006EF80E /* teloUITests.xctest */ = {isa = PBXFileReference; explicitFileType = wrapper.cfbundle; includeInIndex = 0; path = teloUITests.xctest; sourceTree = BUILT_PRODUCTS_DIR; };
		F68AA41F29633B65006EF80E /* teloUITests.swift */ = {isa = PBXFileReference; lastKnownFileType = sourcecode.swift; path = teloUITests.swift; sourceTree = "<group>"; };
		F68AA42129633B65006EF80E /* teloUITestsLaunchTests.swift */ = {isa = PBXFileReference; lastKnownFileType = sourcecode.swift; path = teloUITestsLaunchTests.swift; sourceTree = "<group>"; };
/* End PBXFileReference section */

/* Begin PBXFrameworksBuildPhase section */
		F68AA3FD29633B63006EF80E /* Frameworks */ = {
			isa = PBXFrameworksBuildPhase;
			buildActionMask = 2147483647;
			files = (
			);
			runOnlyForDeploymentPostprocessing = 0;
		};
		F68AA40E29633B65006EF80E /* Frameworks */ = {
			isa = PBXFrameworksBuildPhase;
			buildActionMask = 2147483647;
			files = (
			);
			runOnlyForDeploymentPostprocessing = 0;
		};
		F68AA41829633B65006EF80E /* Frameworks */ = {
			isa = PBXFrameworksBuildPhase;
			buildActionMask = 2147483647;
			files = (
			);
			runOnlyForDeploymentPostprocessing = 0;
		};
/* End PBXFrameworksBuildPhase section */

/* Begin PBXGroup section */
		F68AA3F729633B63006EF80E = {
			isa = PBXGroup;
			children = (
				F68AA40229633B63006EF80E /* telo */,
				F68AA41429633B65006EF80E /* teloTests */,
				F68AA41E29633B65006EF80E /* teloUITests */,
				F68AA40129633B63006EF80E /* Products */,
			);
			sourceTree = "<group>";
		};
		F68AA40129633B63006EF80E /* Products */ = {
			isa = PBXGroup;
			children = (
				F68AA40029633B63006EF80E /* telo.app */,
				F68AA41129633B65006EF80E /* teloTests.xctest */,
				F68AA41B29633B65006EF80E /* teloUITests.xctest */,
			);
			name = Products;
			sourceTree = "<group>";
		};
		F68AA40229633B63006EF80E /* telo */ = {
			isa = PBXGroup;
			children = (
				F68AA40329633B63006EF80E /* teloApp.swift */,
				F68AA40529633B63006EF80E /* ContentView.swift */,
				F68AA40729633B64006EF80E /* Assets.xcassets */,
				F68AA40929633B64006EF80E /* telo.entitlements */,
				F68AA40A29633B64006EF80E /* Preview Content */,
			);
			path = telo;
			sourceTree = "<group>";
		};
		F68AA40A29633B64006EF80E /* Preview Content */ = {
			isa = PBXGroup;
			children = (
				F68AA40B29633B64006EF80E /* Preview Assets.xcassets */,
			);
			path = "Preview Content";
			sourceTree = "<group>";
		};
		F68AA41429633B65006EF80E /* teloTests */ = {
			isa = PBXGroup;
			children = (
				F68AA41529633B65006EF80E /* teloTests.swift */,
			);
			path = teloTests;
			sourceTree = "<group>";
		};
		F68AA41E29633B65006EF80E /* teloUITests */ = {
			isa = PBXGroup;
			children = (
				F68AA41F29633B65006EF80E /* teloUITests.swift */,
				F68AA42129633B65006EF80E /* teloUITestsLaunchTests.swift */,
			);
			path = teloUITests;
			sourceTree = "<group>";
		};
/* End PBXGroup section */

/* Begin PBXNativeTarget section */
		F68AA3FF29633B63006EF80E /* telo */ = {
			isa = PBXNativeTarget;
			buildConfigurationList = F68AA42529633B65006EF80E /* Build configuration list for PBXNativeTarget "telo" */;
			buildPhases = (
				F68AA3FC29633B63006EF80E /* Sources */,
				F68AA3FD29633B63006EF80E /* Frameworks */,
				F68AA3FE29633B63006EF80E /* Resources */,
			);
			buildRules = (
			);
			dependencies = (
			);
			name = telo;
			productName = telo;
			productReference = F68AA40029633B63006EF80E /* telo.app */;
			productType = "com.apple.product-type.application";
		};
		F68AA41029633B65006EF80E /* teloTests */ = {
			isa = PBXNativeTarget;
			buildConfigurationList = F68AA42829633B65006EF80E /* Build configuration list for PBXNativeTarget "teloTests" */;
			buildPhases = (
				F68AA40D29633B65006EF80E /* Sources */,
				F68AA40E29633B65006EF80E /* Frameworks */,
				F68AA40F29633B65006EF80E /* Resources */,
			);
			buildRules = (
			);
			dependencies = (
				F68AA41329633B65006EF80E /* PBXTargetDependency */,
			);
			name = teloTests;
			productName = teloTests;
			productReference = F68AA41129633B65006EF80E /* teloTests.xctest */;
			productType = "com.apple.product-type.bundle.unit-test";
		};
		F68AA41A29633B65006EF80E /* teloUITests */ = {
			isa = PBXNativeTarget;
			buildConfigurationList = F68AA42B29633B65006EF80E /* Build configuration list for PBXNativeTarget "teloUITests" */;
			buildPhases = (
				F68AA41729633B65006EF80E /* Sources */,
				F68AA41829633B65006EF80E /* Frameworks */,
				F68AA41929633B65006EF80E /* Resources */,
			);
			buildRules = (
			);
			dependencies = (
				F68AA41D29633B65006EF80E /* PBXTargetDependency */,
			);
			name = teloUITests;
			productName = teloUITests;
			productReference = F68AA41B29633B65006EF80E /* teloUITests.xctest */;
			productType = "com.apple.product-type.bundle.ui-testing";
		};
/* End PBXNativeTarget section */

/* Begin PBXProject section */
		F68AA3F829633B63006EF80E /* Project object */ = {
			isa = PBXProject;
			attributes = {
				BuildIndependentTargetsInParallel = 1;
				LastSwiftUpdateCheck = 1420;
				LastUpgradeCheck = 1420;
				TargetAttributes = {
					F68AA3FF29633B63006EF80E = {
						CreatedOnToolsVersion = 14.2;
					};
					F68AA41029633B65006EF80E = {
						CreatedOnToolsVersion = 14.2;
						TestTargetID = F68AA3FF29633B63006EF80E;
					};
					F68AA41A29633B65006EF80E = {
						CreatedOnToolsVersion = 14.2;
						TestTargetID = F68AA3FF29633B63006EF80E;
					};
				};
			};
			buildConfigurationList = F68AA3FB29633B63006EF80E /* Build configuration list for PBXProject "telo" */;
			compatibilityVersion = "Xcode 14.0";
			developmentRegion = en;
			hasScannedForEncodings = 0;
			knownRegions = (
				en,
				Base,
			);
			mainGroup = F68AA3F729633B63006EF80E;
			productRefGroup = F68AA40129633B63006EF80E /* Products */;
			projectDirPath = "";
			projectRoot = "";
			targets = (
				F68AA3FF29633B63006EF80E /* telo */,
				F68AA41029633B65006EF80E /* teloTests */,
				F68AA41A29633B65006EF80E /* teloUITests */,
			);
		};
/* End PBXProject section */

/* Begin PBXResourcesBuildPhase section */
		F68AA3FE29633B63006EF80E /* Resources */ = {
			isa = PBXResourcesBuildPhase;
			buildActionMask = 2147483647;
			files = (
				F68AA40C29633B64006EF80E /* Preview Assets.xcassets in Resources */,
				F68AA40829633B64006EF80E /* Assets.xcassets in Resources */,
			);
			runOnlyForDeploymentPostprocessing = 0;
		};
		F68AA40F29633B65006EF80E /* Resources */ = {
			isa = PBXResourcesBuildPhase;
			buildActionMask = 2147483647;
			files = (
			);
			runOnlyForDeploymentPostprocessing = 0;
		};
		F68AA41929633B65006EF80E /* Resources */ = {
			isa = PBXResourcesBuildPhase;
			buildActionMask = 2147483647;
			files = (
			);
			runOnlyForDeploymentPostprocessing = 0;
		};
/* End PBXResourcesBuildPhase section */

/* Begin PBXSourcesBuildPhase section */
		F68AA3FC29633B63006EF80E /* Sources */ = {
			isa = PBXSourcesBuildPhase;
			buildActionMask = 2147483647;
			files = (
				F68AA40629633B63006EF80E /* ContentView.swift in Sources */,
				F68AA40429633B63006EF80E /* teloApp.swift in Sources */,
			);
			runOnlyForDeploymentPostprocessing = 0;
		};
		F68AA40D29633B65006EF80E /* Sources */ = {
			isa = PBXSourcesBuildPhase;
			buildActionMask = 2147483647;
			files = (
				F68AA41629633B65006EF80E /* teloTests.swift in Sources */,
			);
			runOnlyForDeploymentPostprocessing = 0;
		};
		F68AA41729633B65006EF80E /* Sources */ = {
			isa = PBXSourcesBuildPhase;
			buildActionMask = 2147483647;
			files = (
				F68AA42229633B65006EF80E /* teloUITestsLaunchTests.swift in Sources */,
				F68AA42029633B65006EF80E /* teloUITests.swift in Sources */,
			);
			runOnlyForDeploymentPostprocessing = 0;
		};
/* End PBXSourcesBuildPhase section */

/* Begin PBXTargetDependency section */
		F68AA41329633B65006EF80E /* PBXTargetDependency */ = {
			isa = PBXTargetDependency;
			target = F68AA3FF29633B63006EF80E /* telo */;
			targetProxy = F68AA41229633B65006EF80E /* PBXContainerItemProxy */;
		};
		F68AA41D29633B65006EF80E /* PBXTargetDependency */ = {
			isa = PBXTargetDependency;
			target = F68AA3FF29633B63006EF80E /* telo */;
			targetProxy = F68AA41C29633B65006EF80E /* PBXContainerItemProxy */;
		};
/* End PBXTargetDependency section */

/* Begin XCBuildConfiguration section */
		F68AA42329633B65006EF80E /* Debug */ = {
			isa = XCBuildConfiguration;
			buildSettings = {
				ALWAYS_SEARCH_USER_PATHS = NO;
				CLANG_ANALYZER_NONNULL = YES;
				CLANG_ANALYZER_NUMBER_OBJECT_CONVERSION = YES_AGGRESSIVE;
				CLANG_CXX_LANGUAGE_STANDARD = "gnu++20";
				CLANG_ENABLE_MODULES = YES;
				CLANG_ENABLE_OBJC_ARC = YES;
				CLANG_ENABLE_OBJC_WEAK = YES;
				CLANG_WARN_BLOCK_CAPTURE_AUTORELEASING = YES;
				CLANG_WARN_BOOL_CONVERSION = YES;
				CLANG_WARN_COMMA = YES;
				CLANG_WARN_CONSTANT_CONVERSION = YES;
				CLANG_WARN_DEPRECATED_OBJC_IMPLEMENTATIONS = YES;
				CLANG_WARN_DIRECT_OBJC_ISA_USAGE = YES_ERROR;
				CLANG_WARN_DOCUMENTATION_COMMENTS = YES;
				CLANG_WARN_EMPTY_BODY = YES;
				CLANG_WARN_ENUM_CONVERSION = YES;
				CLANG_WARN_INFINITE_RECURSION = YES;
				CLANG_WARN_INT_CONVERSION = YES;
				CLANG_WARN_NON_LITERAL_NULL_CONVERSION = YES;
				CLANG_WARN_OBJC_IMPLICIT_RETAIN_SELF = YES;
				CLANG_WARN_OBJC_LITERAL_CONVERSION = YES;
				CLANG_WARN_OBJC_ROOT_CLASS = YES_ERROR;
				CLANG_WARN_QUOTED_INCLUDE_IN_FRAMEWORK_HEADER = YES;
				CLANG_WARN_RANGE_LOOP_ANALYSIS = YES;
				CLANG_WARN_STRICT_PROTOTYPES = YES;
				CLANG_WARN_SUSPICIOUS_MOVE = YES;
				CLANG_WARN_UNGUARDED_AVAILABILITY = YES_AGGRESSIVE;
				CLANG_WARN_UNREACHABLE_CODE = YES;
				CLANG_WARN__DUPLICATE_METHOD_MATCH = YES;
				COPY_PHASE_STRIP = NO;
				DEBUG_INFORMATION_FORMAT = dwarf;
				ENABLE_STRICT_OBJC_MSGSEND = YES;
				ENABLE_TESTABILITY = YES;
				GCC_C_LANGUAGE_STANDARD = gnu11;
				GCC_DYNAMIC_NO_PIC = NO;
				GCC_NO_COMMON_BLOCKS = YES;
				GCC_OPTIMIZATION_LEVEL = 0;
				GCC_PREPROCESSOR_DEFINITIONS = (
					"DEBUG=1",
					"$(inherited)",
				);
				GCC_WARN_64_TO_32_BIT_CONVERSION = YES;
				GCC_WARN_ABOUT_RETURN_TYPE = YES_ERROR;
				GCC_WARN_UNDECLARED_SELECTOR = YES;
				GCC_WARN_UNINITIALIZED_AUTOS = YES_AGGRESSIVE;
				GCC_WARN_UNUSED_FUNCTION = YES;
				GCC_WARN_UNUSED_VARIABLE = YES;
				MTL_ENABLE_DEBUG_INFO = INCLUDE_SOURCE;
				MTL_FAST_MATH = YES;
				ONLY_ACTIVE_ARCH = YES;
				SWIFT_ACTIVE_COMPILATION_CONDITIONS = DEBUG;
				SWIFT_OPTIMIZATION_LEVEL = "-Onone";
			};
			name = Debug;
		};
		F68AA42429633B65006EF80E /* Release */ = {
			isa = XCBuildConfiguration;
			buildSettings = {
				ALWAYS_SEARCH_USER_PATHS = NO;
				CLANG_ANALYZER_NONNULL = YES;
				CLANG_ANALYZER_NUMBER_OBJECT_CONVERSION = YES_AGGRESSIVE;
				CLANG_CXX_LANGUAGE_STANDARD = "gnu++20";
				CLANG_ENABLE_MODULES = YES;
				CLANG_ENABLE_OBJC_ARC = YES;
				CLANG_ENABLE_OBJC_WEAK = YES;
				CLANG_WARN_BLOCK_CAPTURE_AUTORELEASING = YES;
				CLANG_WARN_BOOL_CONVERSION = YES;
				CLANG_WARN_COMMA = YES;
				CLANG_WARN_CONSTANT_CONVERSION = YES;
				CLANG_WARN_DEPRECATED_OBJC_IMPLEMENTATIONS = YES;
				CLANG_WARN_DIRECT_OBJC_ISA_USAGE = YES_ERROR;
				CLANG_WARN_DOCUMENTATION_COMMENTS = YES;
				CLANG_WARN_EMPTY_BODY = YES;
				CLANG_WARN_ENUM_CONVERSION = YES;
				CLANG_WARN_INFINITE_RECURSION = YES;
				CLANG_WARN_INT_CONVERSION = YES;
				CLANG_WARN_NON_LITERAL_NULL_CONVERSION = YES;
				CLANG_WARN_OBJC_IMPLICIT_RETAIN_SELF = YES;
				CLANG_WARN_OBJC_LITERAL_CONVERSION = YES;
				CLANG_WARN_OBJC_ROOT_CLASS = YES_ERROR;
				CLANG_WARN_QUOTED_INCLUDE_IN_FRAMEWORK_HEADER = YES;
				CLANG_WARN_RANGE_LOOP_ANALYSIS = YES;
				CLANG_WARN_STRICT_PROTOTYPES = YES;
				CLANG_WARN_SUSPICIOUS_MOVE = YES;
				CLANG_WARN_UNGUARDED_AVAILABILITY = YES_AGGRESSIVE;
				CLANG_WARN_UNREACHABLE_CODE = YES;
				CLANG_WARN__DUPLICATE_METHOD_MATCH = YES;
				COPY_PHASE_STRIP = NO;
				DEBUG_INFORMATION_FORMAT = "dwarf-with-dsym";
				ENABLE_NS_ASSERTIONS = NO;
				ENABLE_STRICT_OBJC_MSGSEND = YES;
				GCC_C_LANGUAGE_STANDARD = gnu11;
				GCC_NO_COMMON_BLOCKS = YES;
				GCC_WARN_64_TO_32_BIT_CONVERSION = YES;
				GCC_WARN_ABOUT_RETURN_TYPE = YES_ERROR;
				GCC_WARN_UNDECLARED_SELECTOR = YES;
				GCC_WARN_UNINITIALIZED_AUTOS = YES_AGGRESSIVE;
				GCC_WARN_UNUSED_FUNCTION = YES;
				GCC_WARN_UNUSED_VARIABLE = YES;
				MTL_ENABLE_DEBUG_INFO = NO;
				MTL_FAST_MATH = YES;
				SWIFT_COMPILATION_MODE = wholemodule;
				SWIFT_OPTIMIZATION_LEVEL = "-O";
			};
			name = Release;
		};
		F68AA42629633B65006EF80E /* Debug */ = {
			isa = XCBuildConfiguration;
			buildSettings = {
				ASSETCATALOG_COMPILER_APPICON_NAME = AppIcon;
				ASSETCATALOG_COMPILER_GLOBAL_ACCENT_COLOR_NAME = AccentColor;
				CODE_SIGN_ENTITLEMENTS = telo/telo.entitlements;
				CODE_SIGN_STYLE = Automatic;
				CURRENT_PROJECT_VERSION = 1;
				DEVELOPMENT_ASSET_PATHS = "\"telo/Preview Content\"";
				DEVELOPMENT_TEAM = QX224N8F87;
				ENABLE_HARDENED_RUNTIME = YES;
				ENABLE_PREVIEWS = YES;
				GENERATE_INFOPLIST_FILE = YES;
				"INFOPLIST_KEY_UIApplicationSceneManifest_Generation[sdk=iphoneos*]" = YES;
				"INFOPLIST_KEY_UIApplicationSceneManifest_Generation[sdk=iphonesimulator*]" = YES;
				"INFOPLIST_KEY_UIApplicationSupportsIndirectInputEvents[sdk=iphoneos*]" = YES;
				"INFOPLIST_KEY_UIApplicationSupportsIndirectInputEvents[sdk=iphonesimulator*]" = YES;
				"INFOPLIST_KEY_UILaunchScreen_Generation[sdk=iphoneos*]" = YES;
				"INFOPLIST_KEY_UILaunchScreen_Generation[sdk=iphonesimulator*]" = YES;
				"INFOPLIST_KEY_UIStatusBarStyle[sdk=iphoneos*]" = UIStatusBarStyleDefault;
				"INFOPLIST_KEY_UIStatusBarStyle[sdk=iphonesimulator*]" = UIStatusBarStyleDefault;
				INFOPLIST_KEY_UISupportedInterfaceOrientations_iPad = "UIInterfaceOrientationPortrait UIInterfaceOrientationPortraitUpsideDown UIInterfaceOrientationLandscapeLeft UIInterfaceOrientationLandscapeRight";
				INFOPLIST_KEY_UISupportedInterfaceOrientations_iPhone = "UIInterfaceOrientationPortrait UIInterfaceOrientationLandscapeLeft UIInterfaceOrientationLandscapeRight";
				IPHONEOS_DEPLOYMENT_TARGET = 16.2;
				LD_RUNPATH_SEARCH_PATHS = "@executable_path/Frameworks";
				"LD_RUNPATH_SEARCH_PATHS[sdk=macosx*]" = "@executable_path/../Frameworks";
				MACOSX_DEPLOYMENT_TARGET = 13.1;
				MARKETING_VERSION = 1.0;
				PRODUCT_BUNDLE_IDENTIFIER = com.tbkl.telo;
				PRODUCT_NAME = "$(TARGET_NAME)";
				SDKROOT = auto;
				SUPPORTED_PLATFORMS = "iphoneos iphonesimulator macosx";
				SWIFT_EMIT_LOC_STRINGS = YES;
				SWIFT_VERSION = 5.0;
				TARGETED_DEVICE_FAMILY = "1,2";
			};
			name = Debug;
		};
		F68AA42729633B65006EF80E /* Release */ = {
			isa = XCBuildConfiguration;
			buildSettings = {
				ASSETCATALOG_COMPILER_APPICON_NAME = AppIcon;
				ASSETCATALOG_COMPILER_GLOBAL_ACCENT_COLOR_NAME = AccentColor;
				CODE_SIGN_ENTITLEMENTS = telo/telo.entitlements;
				CODE_SIGN_STYLE = Automatic;
				CURRENT_PROJECT_VERSION = 1;
				DEVELOPMENT_ASSET_PATHS = "\"telo/Preview Content\"";
				DEVELOPMENT_TEAM = QX224N8F87;
				ENABLE_HARDENED_RUNTIME = YES;
				ENABLE_PREVIEWS = YES;
				GENERATE_INFOPLIST_FILE = YES;
				"INFOPLIST_KEY_UIApplicationSceneManifest_Generation[sdk=iphoneos*]" = YES;
				"INFOPLIST_KEY_UIApplicationSceneManifest_Generation[sdk=iphonesimulator*]" = YES;
				"INFOPLIST_KEY_UIApplicationSupportsIndirectInputEvents[sdk=iphoneos*]" = YES;
				"INFOPLIST_KEY_UIApplicationSupportsIndirectInputEvents[sdk=iphonesimulator*]" = YES;
				"INFOPLIST_KEY_UILaunchScreen_Generation[sdk=iphoneos*]" = YES;
				"INFOPLIST_KEY_UILaunchScreen_Generation[sdk=iphonesimulator*]" = YES;
				"INFOPLIST_KEY_UIStatusBarStyle[sdk=iphoneos*]" = UIStatusBarStyleDefault;
				"INFOPLIST_KEY_UIStatusBarStyle[sdk=iphonesimulator*]" = UIStatusBarStyleDefault;
				INFOPLIST_KEY_UISupportedInterfaceOrientations_iPad = "UIInterfaceOrientationPortrait UIInterfaceOrientationPortraitUpsideDown UIInterfaceOrientationLandscapeLeft UIInterfaceOrientationLandscapeRight";
				INFOPLIST_KEY_UISupportedInterfaceOrientations_iPhone = "UIInterfaceOrientationPortrait UIInterfaceOrientationLandscapeLeft UIInterfaceOrientationLandscapeRight";
				IPHONEOS_DEPLOYMENT_TARGET = 16.2;
				LD_RUNPATH_SEARCH_PATHS = "@executable_path/Frameworks";
				"LD_RUNPATH_SEARCH_PATHS[sdk=macosx*]" = "@executable_path/../Frameworks";
				MACOSX_DEPLOYMENT_TARGET = 13.1;
				MARKETING_VERSION = 1.0;
				PRODUCT_BUNDLE_IDENTIFIER = com.tbkl.telo;
				PRODUCT_NAME = "$(TARGET_NAME)";
				SDKROOT = auto;
				SUPPORTED_PLATFORMS = "iphoneos iphonesimulator macosx";
				SWIFT_EMIT_LOC_STRINGS = YES;
				SWIFT_VERSION = 5.0;
				TARGETED_DEVICE_FAMILY = "1,2";
			};
			name = Release;
		};
		F68AA42929633B65006EF80E /* Debug */ = {
			isa = XCBuildConfiguration;
			buildSettings = {
				ALWAYS_EMBED_SWIFT_STANDARD_LIBRARIES = YES;
				BUNDLE_LOADER = "$(TEST_HOST)";
				CODE_SIGN_STYLE = Automatic;
				CURRENT_PROJECT_VERSION = 1;
				DEVELOPMENT_TEAM = QX224N8F87;
				GENERATE_INFOPLIST_FILE = YES;
				IPHONEOS_DEPLOYMENT_TARGET = 16.2;
				MACOSX_DEPLOYMENT_TARGET = 13.1;
				MARKETING_VERSION = 1.0;
				PRODUCT_BUNDLE_IDENTIFIER = com.tbkl.teloTests;
				PRODUCT_NAME = "$(TARGET_NAME)";
				SDKROOT = auto;
				SUPPORTED_PLATFORMS = "iphoneos iphonesimulator macosx";
				SWIFT_EMIT_LOC_STRINGS = NO;
				SWIFT_VERSION = 5.0;
				TARGETED_DEVICE_FAMILY = "1,2";
				TEST_HOST = "$(BUILT_PRODUCTS_DIR)/telo.app/$(BUNDLE_EXECUTABLE_FOLDER_PATH)/telo";
			};
			name = Debug;
		};
		F68AA42A29633B65006EF80E /* Release */ = {
			isa = XCBuildConfiguration;
			buildSettings = {
				ALWAYS_EMBED_SWIFT_STANDARD_LIBRARIES = YES;
				BUNDLE_LOADER = "$(TEST_HOST)";
				CODE_SIGN_STYLE = Automatic;
				CURRENT_PROJECT_VERSION = 1;
				DEVELOPMENT_TEAM = QX224N8F87;
				GENERATE_INFOPLIST_FILE = YES;
				IPHONEOS_DEPLOYMENT_TARGET = 16.2;
				MACOSX_DEPLOYMENT_TARGET = 13.1;
				MARKETING_VERSION = 1.0;
				PRODUCT_BUNDLE_IDENTIFIER = com.tbkl.teloTests;
				PRODUCT_NAME = "$(TARGET_NAME)";
				SDKROOT = auto;
				SUPPORTED_PLATFORMS = "iphoneos iphonesimulator macosx";
				SWIFT_EMIT_LOC_STRINGS = NO;
				SWIFT_VERSION = 5.0;
				TARGETED_DEVICE_FAMILY = "1,2";
				TEST_HOST = "$(BUILT_PRODUCTS_DIR)/telo.app/$(BUNDLE_EXECUTABLE_FOLDER_PATH)/telo";
			};
			name = Release;
		};
		F68AA42C29633B65006EF80E /* Debug */ = {
			isa = XCBuildConfiguration;
			buildSettings = {
				ALWAYS_EMBED_SWIFT_STANDARD_LIBRARIES = YES;
				CODE_SIGN_STYLE = Automatic;
				CURRENT_PROJECT_VERSION = 1;
				DEVELOPMENT_TEAM = QX224N8F87;
				GENERATE_INFOPLIST_FILE = YES;
				IPHONEOS_DEPLOYMENT_TARGET = 16.2;
				MACOSX_DEPLOYMENT_TARGET = 13.1;
				MARKETING_VERSION = 1.0;
				PRODUCT_BUNDLE_IDENTIFIER = com.tbkl.teloUITests;
				PRODUCT_NAME = "$(TARGET_NAME)";
				SDKROOT = auto;
				SUPPORTED_PLATFORMS = "iphoneos iphonesimulator macosx";
				SWIFT_EMIT_LOC_STRINGS = NO;
				SWIFT_VERSION = 5.0;
				TARGETED_DEVICE_FAMILY = "1,2";
				TEST_TARGET_NAME = telo;
			};
			name = Debug;
		};
		F68AA42D29633B65006EF80E /* Release */ = {
			isa = XCBuildConfiguration;
			buildSettings = {
				ALWAYS_EMBED_SWIFT_STANDARD_LIBRARIES = YES;
				CODE_SIGN_STYLE = Automatic;
				CURRENT_PROJECT_VERSION = 1;
				DEVELOPMENT_TEAM = QX224N8F87;
				GENERATE_INFOPLIST_FILE = YES;
				IPHONEOS_DEPLOYMENT_TARGET = 16.2;
				MACOSX_DEPLOYMENT_TARGET = 13.1;
				MARKETING_VERSION = 1.0;
				PRODUCT_BUNDLE_IDENTIFIER = com.tbkl.teloUITests;
				PRODUCT_NAME = "$(TARGET_NAME)";
				SDKROOT = auto;
				SUPPORTED_PLATFORMS = "iphoneos iphonesimulator macosx";
				SWIFT_EMIT_LOC_STRINGS = NO;
				SWIFT_VERSION = 5.0;
				TARGETED_DEVICE_FAMILY = "1,2";
				TEST_TARGET_NAME = telo;
			};
			name = Release;
		};
/* End XCBuildConfiguration section */

/* Begin XCConfigurationList section */
		F68AA3FB29633B63006EF80E /* Build configuration list for PBXProject "telo" */ = {
			isa = XCConfigurationList;
			buildConfigurations = (
				F68AA42329633B65006EF80E /* Debug */,
				F68AA42429633B65006EF80E /* Release */,
			);
			defaultConfigurationIsVisible = 0;
			defaultConfigurationName = Release;
		};
		F68AA42529633B65006EF80E /* Build configuration list for PBXNativeTarget "telo" */ = {
			isa = XCConfigurationList;
			buildConfigurations = (
				F68AA42629633B65006EF80E /* Debug */,
				F68AA42729633B65006EF80E /* Release */,
			);
			defaultConfigurationIsVisible = 0;
			defaultConfigurationName = Release;
		};
		F68AA42829633B65006EF80E /* Build configuration list for PBXNativeTarget "teloTests" */ = {
			isa = XCConfigurationList;
			buildConfigurations = (
				F68AA42929633B65006EF80E /* Debug */,
				F68AA42A29633B65006EF80E /* Release */,
			);
			defaultConfigurationIsVisible = 0;
			defaultConfigurationName = Release;
		};
		F68AA42B29633B65006EF80E /* Build configuration list for PBXNativeTarget "teloUITests" */ = {
			isa = XCConfigurationList;
			buildConfigurations = (
				F68AA42C29633B65006EF80E /* Debug */,
				F68AA42D29633B65006EF80E /* Release */,
			);
			defaultConfigurationIsVisible = 0;
			defaultConfigurationName = Release;
		};
/* End XCConfigurationList section */
	};
	rootObject = F68AA3F829633B63006EF80E /* Project object */;
}
